
Microsoft Visual Studio Solution File, Format Version 12.00
# Visual Studio 2012
Project("{F2A71F9B-5D33-465A-A702-920D77279786}") = "Moq.FSharp.Extensions", "Moq.FSharp.Extensions\Moq.FSharp.Extensions.fsproj", "{9D25F5D7-60B4-459F-BEE9-9DE32ADA4B2A}"
EndProject
Project("{F2A71F9B-5D33-465A-A702-920D77279786}") = "Examples", "Examples\Examples.fsproj", "{4B32B648-0E4C-459C-8608-4F31126F3C4E}"
EndProject
Global
	GlobalSection(SolutionConfigurationPlatforms) = preSolution
		Ad-Hoc|Any CPU = Ad-Hoc|Any CPU
		Ad-Hoc|iPhone = Ad-Hoc|iPhone
		Ad-Hoc|iPhoneSimulator = Ad-Hoc|iPhoneSimulator
		Ad-Hoc|Mixed Platforms = Ad-Hoc|Mixed Platforms
		AppStore|Any CPU = AppStore|Any CPU
		AppStore|iPhone = AppStore|iPhone
		AppStore|iPhoneSimulator = AppStore|iPhoneSimulator
		AppStore|Mixed Platforms = AppStore|Mixed Platforms
		Debug|Any CPU = Debug|Any CPU
		Debug|iPhone = Debug|iPhone
		Debug|iPhoneSimulator = Debug|iPhoneSimulator
		Debug|Mixed Platforms = Debug|Mixed Platforms
		Release|Any CPU = Release|Any CPU
		Release|iPhone = Release|iPhone
		Release|iPhoneSimulator = Release|iPhoneSimulator
		Release|Mixed Platforms = Release|Mixed Platforms
	EndGlobalSection
	GlobalSection(ProjectConfigurationPlatforms) = postSolution
		{9D25F5D7-60B4-459F-BEE9-9DE32ADA4B2A}.Ad-Hoc|Any CPU.ActiveCfg = Release|Any CPU
		{9D25F5D7-60B4-459F-BEE9-9DE32ADA4B2A}.Ad-Hoc|Any CPU.Build.0 = Release|Any CPU
		{9D25F5D7-60B4-459F-BEE9-9DE32ADA4B2A}.Ad-Hoc|iPhone.ActiveCfg = Release|Any CPU
		{9D25F5D7-60B4-459F-BEE9-9DE32ADA4B2A}.Ad-Hoc|iPhoneSimulator.ActiveCfg = Release|Any CPU
		{9D25F5D7-60B4-459F-BEE9-9DE32ADA4B2A}.Ad-Hoc|Mixed Platforms.ActiveCfg = Release|Any CPU
		{9D25F5D7-60B4-459F-BEE9-9DE32ADA4B2A}.Ad-Hoc|Mixed Platforms.Build.0 = Release|Any CPU
		{9D25F5D7-60B4-459F-BEE9-9DE32ADA4B2A}.AppStore|Any CPU.ActiveCfg = Release|Any CPU
		{9D25F5D7-60B4-459F-BEE9-9DE32ADA4B2A}.AppStore|Any CPU.Build.0 = Release|Any CPU
		{9D25F5D7-60B4-459F-BEE9-9DE32ADA4B2A}.AppStore|iPhone.ActiveCfg = Release|Any CPU
		{9D25F5D7-60B4-459F-BEE9-9DE32ADA4B2A}.AppStore|iPhoneSimulator.ActiveCfg = Release|Any CPU
		{9D25F5D7-60B4-459F-BEE9-9DE32ADA4B2A}.AppStore|Mixed Platforms.ActiveCfg = Release|Any CPU
		{9D25F5D7-60B4-459F-BEE9-9DE32ADA4B2A}.AppStore|Mixed Platforms.Build.0 = Release|Any CPU
		{9D25F5D7-60B4-459F-BEE9-9DE32ADA4B2A}.Debug|Any CPU.ActiveCfg = Debug|Any CPU
		{9D25F5D7-60B4-459F-BEE9-9DE32ADA4B2A}.Debug|Any CPU.Build.0 = Debug|Any CPU
		{9D25F5D7-60B4-459F-BEE9-9DE32ADA4B2A}.Debug|iPhone.ActiveCfg = Debug|Any CPU
		{9D25F5D7-60B4-459F-BEE9-9DE32ADA4B2A}.Debug|iPhoneSimulator.ActiveCfg = Debug|Any CPU
		{9D25F5D7-60B4-459F-BEE9-9DE32ADA4B2A}.Debug|Mixed Platforms.ActiveCfg = Debug|Any CPU
		{9D25F5D7-60B4-459F-BEE9-9DE32ADA4B2A}.Debug|Mixed Platforms.Build.0 = Debug|Any CPU
		{9D25F5D7-60B4-459F-BEE9-9DE32ADA4B2A}.Release|Any CPU.ActiveCfg = Release|Any CPU
		{9D25F5D7-60B4-459F-BEE9-9DE32ADA4B2A}.Release|Any CPU.Build.0 = Release|Any CPU
		{9D25F5D7-60B4-459F-BEE9-9DE32ADA4B2A}.Release|iPhone.ActiveCfg = Release|Any CPU
		{9D25F5D7-60B4-459F-BEE9-9DE32ADA4B2A}.Release|iPhoneSimulator.ActiveCfg = Release|Any CPU
		{9D25F5D7-60B4-459F-BEE9-9DE32ADA4B2A}.Release|Mixed Platforms.ActiveCfg = Release|Any CPU
		{9D25F5D7-60B4-459F-BEE9-9DE32ADA4B2A}.Release|Mixed Platforms.Build.0 = Release|Any CPU
		{4B32B648-0E4C-459C-8608-4F31126F3C4E}.Ad-Hoc|Any CPU.ActiveCfg = Release|Any CPU
		{4B32B648-0E4C-459C-8608-4F31126F3C4E}.Ad-Hoc|Any CPU.Build.0 = Release|Any CPU
		{4B32B648-0E4C-459C-8608-4F31126F3C4E}.Ad-Hoc|iPhone.ActiveCfg = Release|Any CPU
		{4B32B648-0E4C-459C-8608-4F31126F3C4E}.Ad-Hoc|iPhoneSimulator.ActiveCfg = Release|Any CPU
		{4B32B648-0E4C-459C-8608-4F31126F3C4E}.Ad-Hoc|Mixed Platforms.ActiveCfg = Release|Any CPU
		{4B32B648-0E4C-459C-8608-4F31126F3C4E}.Ad-Hoc|Mixed Platforms.Build.0 = Release|Any CPU
		{4B32B648-0E4C-459C-8608-4F31126F3C4E}.AppStore|Any CPU.ActiveCfg = Release|Any CPU
		{4B32B648-0E4C-459C-8608-4F31126F3C4E}.AppStore|Any CPU.Build.0 = Release|Any CPU
		{4B32B648-0E4C-459C-8608-4F31126F3C4E}.AppStore|iPhone.ActiveCfg = Release|Any CPU
		{4B32B648-0E4C-459C-8608-4F31126F3C4E}.AppStore|iPhoneSimulator.ActiveCfg = Release|Any CPU
		{4B32B648-0E4C-459C-8608-4F31126F3C4E}.AppStore|Mixed Platforms.ActiveCfg = Release|Any CPU
		{4B32B648-0E4C-459C-8608-4F31126F3C4E}.AppStore|Mixed Platforms.Build.0 = Release|Any CPU
		{4B32B648-0E4C-459C-8608-4F31126F3C4E}.Debug|Any CPU.ActiveCfg = Debug|Any CPU
		{4B32B648-0E4C-459C-8608-4F31126F3C4E}.Debug|Any CPU.Build.0 = Debug|Any CPU
		{4B32B648-0E4C-459C-8608-4F31126F3C4E}.Debug|iPhone.ActiveCfg = Debug|Any CPU
		{4B32B648-0E4C-459C-8608-4F31126F3C4E}.Debug|iPhoneSimulator.ActiveCfg = Debug|Any CPU
		{4B32B648-0E4C-459C-8608-4F31126F3C4E}.Debug|Mixed Platforms.ActiveCfg = Debug|Any CPU
		{4B32B648-0E4C-459C-8608-4F31126F3C4E}.Debug|Mixed Platforms.Build.0 = Debug|Any CPU
		{4B32B648-0E4C-459C-8608-4F31126F3C4E}.Release|Any CPU.ActiveCfg = Release|Any CPU
		{4B32B648-0E4C-459C-8608-4F31126F3C4E}.Release|Any CPU.Build.0 = Release|Any CPU
		{4B32B648-0E4C-459C-8608-4F31126F3C4E}.Release|iPhone.ActiveCfg = Release|Any CPU
		{4B32B648-0E4C-459C-8608-4F31126F3C4E}.Release|iPhoneSimulator.ActiveCfg = Release|Any CPU
		{4B32B648-0E4C-459C-8608-4F31126F3C4E}.Release|Mixed Platforms.ActiveCfg = Release|Any CPU
		{4B32B648-0E4C-459C-8608-4F31126F3C4E}.Release|Mixed Platforms.Build.0 = Release|Any CPU
	EndGlobalSection
	GlobalSection(SolutionProperties) = preSolution
		HideSolutionNode = FALSE
	EndGlobalSection
EndGlobal
